
Microsoft Visual Studio Solution File, Format Version 12.00
# Visual Studio 14
VisualStudioVersion = 14.0.24709.0
MinimumVisualStudioVersion = 10.0.40219.1
Project("{FAE04EC0-301F-11D3-BF4B-00C04F79EFBC}") = "VsTabRecycler", "VsTabRecycler\VsTabRecycler.csproj", "{D580EC9E-861C-424F-97CE-739DF38AC6C0}"
EndProject
Global
	GlobalSection(SolutionConfigurationPlatforms) = preSolution
		Debug|Any CPU = Debug|Any CPU
		Release|Any CPU = Release|Any CPU
	EndGlobalSection
	GlobalSection(ProjectConfigurationPlatforms) = postSolution
		{D580EC9E-861C-424F-97CE-739DF38AC6C0}.Debug|Any CPU.ActiveCfg = Debug|Any CPU
		{D580EC9E-861C-424F-97CE-739DF38AC6C0}.Debug|Any CPU.Build.0 = Debug|Any CPU
		{D580EC9E-861C-424F-97CE-739DF38AC6C0}.Release|Any CPU.ActiveCfg = Release|Any CPU
		{D580EC9E-861C-424F-97CE-739DF38AC6C0}.Release|Any CPU.Build.0 = Release|Any CPU
	EndGlobalSection
	GlobalSection(SolutionProperties) = preSolution
		HideSolutionNode = FALSE
	EndGlobalSection
EndGlobal
